// !$*UTF8*$!
{
	archiveVersion = 1;
	classes = {
	};
	objectVersion = 50;
	objects = {

/* Begin PBXBuildFile section */
		9162A2FF230C0A1400ED6864 /* AppDelegate.swift in Sources */ = {isa = PBXBuildFile; fileRef = 9162A2FE230C0A1400ED6864 /* AppDelegate.swift */; };
		9162A301230C0A1400ED6864 /* ViewController.swift in Sources */ = {isa = PBXBuildFile; fileRef = 9162A300230C0A1400ED6864 /* ViewController.swift */; };
		9162A304230C0A1400ED6864 /* Main.storyboard in Resources */ = {isa = PBXBuildFile; fileRef = 9162A302230C0A1400ED6864 /* Main.storyboard */; };
		9162A306230C0A1500ED6864 /* Assets.xcassets in Resources */ = {isa = PBXBuildFile; fileRef = 9162A305230C0A1500ED6864 /* Assets.xcassets */; };
		9162A309230C0A1500ED6864 /* LaunchScreen.storyboard in Resources */ = {isa = PBXBuildFile; fileRef = 9162A307230C0A1500ED6864 /* LaunchScreen.storyboard */; };
		9162A311230CD86300ED6864 /* VideoRecordController.swift in Sources */ = {isa = PBXBuildFile; fileRef = 9162A310230CD86300ED6864 /* VideoRecordController.swift */; };
		9162A313230CD87600ED6864 /* AudioRecordController.swift in Sources */ = {isa = PBXBuildFile; fileRef = 9162A312230CD87600ED6864 /* AudioRecordController.swift */; };
		9162A315230CD8A600ED6864 /* BothRecordController.swift in Sources */ = {isa = PBXBuildFile; fileRef = 9162A314230CD8A600ED6864 /* BothRecordController.swift */; };
		9162A317230CD8BD00ED6864 /* BothEncodeController.swift in Sources */ = {isa = PBXBuildFile; fileRef = 9162A316230CD8BD00ED6864 /* BothEncodeController.swift */; };
		9162A319230CD8CF00ED6864 /* BothDecodeController.swift in Sources */ = {isa = PBXBuildFile; fileRef = 9162A318230CD8CF00ED6864 /* BothDecodeController.swift */; };
		9162A31B230CD90700ED6864 /* BothPlayerController.swift in Sources */ = {isa = PBXBuildFile; fileRef = 9162A31A230CD90700ED6864 /* BothPlayerController.swift */; };
/* End PBXBuildFile section */

/* Begin PBXFileReference section */
		9162A2FB230C0A1400ED6864 /* VTHandlerSwift.app */ = {isa = PBXFileReference; explicitFileType = wrapper.application; includeInIndex = 0; path = VTHandlerSwift.app; sourceTree = BUILT_PRODUCTS_DIR; };
		9162A2FE230C0A1400ED6864 /* AppDelegate.swift */ = {isa = PBXFileReference; lastKnownFileType = sourcecode.swift; path = AppDelegate.swift; sourceTree = "<group>"; };
		9162A300230C0A1400ED6864 /* ViewController.swift */ = {isa = PBXFileReference; lastKnownFileType = sourcecode.swift; path = ViewController.swift; sourceTree = "<group>"; };
		9162A303230C0A1400ED6864 /* Base */ = {isa = PBXFileReference; lastKnownFileType = file.storyboard; name = Base; path = Base.lproj/Main.storyboard; sourceTree = "<group>"; };
		9162A305230C0A1500ED6864 /* Assets.xcassets */ = {isa = PBXFileReference; lastKnownFileType = folder.assetcatalog; path = Assets.xcassets; sourceTree = "<group>"; };
		9162A308230C0A1500ED6864 /* Base */ = {isa = PBXFileReference; lastKnownFileType = file.storyboard; name = Base; path = Base.lproj/LaunchScreen.storyboard; sourceTree = "<group>"; };
		9162A30A230C0A1500ED6864 /* Info.plist */ = {isa = PBXFileReference; lastKnownFileType = text.plist.xml; path = Info.plist; sourceTree = "<group>"; };
		9162A310230CD86300ED6864 /* VideoRecordController.swift */ = {isa = PBXFileReference; lastKnownFileType = sourcecode.swift; path = VideoRecordController.swift; sourceTree = "<group>"; };
		9162A312230CD87600ED6864 /* AudioRecordController.swift */ = {isa = PBXFileReference; lastKnownFileType = sourcecode.swift; path = AudioRecordController.swift; sourceTree = "<group>"; };
		9162A314230CD8A600ED6864 /* BothRecordController.swift */ = {isa = PBXFileReference; lastKnownFileType = sourcecode.swift; path = BothRecordController.swift; sourceTree = "<group>"; };
		9162A316230CD8BD00ED6864 /* BothEncodeController.swift */ = {isa = PBXFileReference; lastKnownFileType = sourcecode.swift; path = BothEncodeController.swift; sourceTree = "<group>"; };
		9162A318230CD8CF00ED6864 /* BothDecodeController.swift */ = {isa = PBXFileReference; lastKnownFileType = sourcecode.swift; path = BothDecodeController.swift; sourceTree = "<group>"; };
		9162A31A230CD90700ED6864 /* BothPlayerController.swift */ = {isa = PBXFileReference; lastKnownFileType = sourcecode.swift; path = BothPlayerController.swift; sourceTree = "<group>"; };
/* End PBXFileReference section */

/* Begin PBXFrameworksBuildPhase section */
		9162A2F8230C0A1400ED6864 /* Frameworks */ = {
			isa = PBXFrameworksBuildPhase;
			buildActionMask = 2147483647;
			files = (
			);
			runOnlyForDeploymentPostprocessing = 0;
		};
/* End PBXFrameworksBuildPhase section */

/* Begin PBXGroup section */
		9162A2F2230C0A1400ED6864 = {
			isa = PBXGroup;
			children = (
				9162A2FD230C0A1400ED6864 /* VTHandlerSwift */,
				9162A2FC230C0A1400ED6864 /* Products */,
			);
			sourceTree = "<group>";
		};
		9162A2FC230C0A1400ED6864 /* Products */ = {
			isa = PBXGroup;
			children = (
				9162A2FB230C0A1400ED6864 /* VTHandlerSwift.app */,
			);
			name = Products;
			sourceTree = "<group>";
		};
		9162A2FD230C0A1400ED6864 /* VTHandlerSwift */ = {
			isa = PBXGroup;
			children = (
				9162A2FE230C0A1400ED6864 /* AppDelegate.swift */,
				9162A300230C0A1400ED6864 /* ViewController.swift */,
				9162A310230CD86300ED6864 /* VideoRecordController.swift */,
				9162A312230CD87600ED6864 /* AudioRecordController.swift */,
				9162A314230CD8A600ED6864 /* BothRecordController.swift */,
				9162A316230CD8BD00ED6864 /* BothEncodeController.swift */,
				9162A318230CD8CF00ED6864 /* BothDecodeController.swift */,
				9162A31A230CD90700ED6864 /* BothPlayerController.swift */,
				9162A302230C0A1400ED6864 /* Main.storyboard */,
				9162A305230C0A1500ED6864 /* Assets.xcassets */,
				9162A307230C0A1500ED6864 /* LaunchScreen.storyboard */,
				9162A30A230C0A1500ED6864 /* Info.plist */,
			);
			path = VTHandlerSwift;
			sourceTree = "<group>";
		};
/* End PBXGroup section */

/* Begin PBXNativeTarget section */
		9162A2FA230C0A1400ED6864 /* VTHandlerSwift */ = {
			isa = PBXNativeTarget;
			buildConfigurationList = 9162A30D230C0A1500ED6864 /* Build configuration list for PBXNativeTarget "VTHandlerSwift" */;
			buildPhases = (
				9162A2F7230C0A1400ED6864 /* Sources */,
				9162A2F8230C0A1400ED6864 /* Frameworks */,
				9162A2F9230C0A1400ED6864 /* Resources */,
			);
			buildRules = (
			);
			dependencies = (
			);
			name = VTHandlerSwift;
			productName = VTHandlerSwift;
			productReference = 9162A2FB230C0A1400ED6864 /* VTHandlerSwift.app */;
			productType = "com.apple.product-type.application";
		};
/* End PBXNativeTarget section */

/* Begin PBXProject section */
		9162A2F3230C0A1400ED6864 /* Project object */ = {
			isa = PBXProject;
			attributes = {
				LastSwiftUpdateCheck = 1020;
				LastUpgradeCheck = 1020;
				ORGANIZATIONNAME = IUTeam;
				TargetAttributes = {
					9162A2FA230C0A1400ED6864 = {
						CreatedOnToolsVersion = 10.2.1;
					};
				};
			};
			buildConfigurationList = 9162A2F6230C0A1400ED6864 /* Build configuration list for PBXProject "VTHandlerSwift" */;
			compatibilityVersion = "Xcode 9.3";
			developmentRegion = en;
			hasScannedForEncodings = 0;
			knownRegions = (
				en,
				Base,
			);
			mainGroup = 9162A2F2230C0A1400ED6864;
			productRefGroup = 9162A2FC230C0A1400ED6864 /* Products */;
			projectDirPath = "";
			projectRoot = "";
			targets = (
				9162A2FA230C0A1400ED6864 /* VTHandlerSwift */,
			);
		};
/* End PBXProject section */

/* Begin PBXResourcesBuildPhase section */
		9162A2F9230C0A1400ED6864 /* Resources */ = {
			isa = PBXResourcesBuildPhase;
			buildActionMask = 2147483647;
			files = (
				9162A309230C0A1500ED6864 /* LaunchScreen.storyboard in Resources */,
				9162A306230C0A1500ED6864 /* Assets.xcassets in Resources */,
				9162A304230C0A1400ED6864 /* Main.storyboard in Resources */,
			);
			runOnlyForDeploymentPostprocessing = 0;
		};
/* End PBXResourcesBuildPhase section */

/* Begin PBXSourcesBuildPhase section */
		9162A2F7230C0A1400ED6864 /* Sources */ = {
			isa = PBXSourcesBuildPhase;
			buildActionMask = 2147483647;
			files = (
				9162A315230CD8A600ED6864 /* BothRecordController.swift in Sources */,
				9162A301230C0A1400ED6864 /* ViewController.swift in Sources */,
				9162A317230CD8BD00ED6864 /* BothEncodeController.swift in Sources */,
				9162A31B230CD90700ED6864 /* BothPlayerController.swift in Sources */,
				9162A319230CD8CF00ED6864 /* BothDecodeController.swift in Sources */,
				9162A311230CD86300ED6864 /* VideoRecordController.swift in Sources */,
				9162A2FF230C0A1400ED6864 /* AppDelegate.swift in Sources */,
				9162A313230CD87600ED6864 /* AudioRecordController.swift in Sources */,
			);
			runOnlyForDeploymentPostprocessing = 0;
		};
/* End PBXSourcesBuildPhase section */

/* Begin PBXVariantGroup section */
		9162A302230C0A1400ED6864 /* Main.storyboard */ = {
			isa = PBXVariantGroup;
			children = (
				9162A303230C0A1400ED6864 /* Base */,
			);
			name = Main.storyboard;
			sourceTree = "<group>";
		};
		9162A307230C0A1500ED6864 /* LaunchScreen.storyboard */ = {
			isa = PBXVariantGroup;
			children = (
				9162A308230C0A1500ED6864 /* Base */,
			);
			name = LaunchScreen.storyboard;
			sourceTree = "<group>";
		};
/* End PBXVariantGroup section */

/* Begin XCBuildConfiguration section */
		9162A30B230C0A1500ED6864 /* Debug */ = {
			isa = XCBuildConfiguration;
			buildSettings = {
				ALWAYS_SEARCH_USER_PATHS = NO;
				CLANG_ANALYZER_NONNULL = YES;
				CLANG_ANALYZER_NUMBER_OBJECT_CONVERSION = YES_AGGRESSIVE;
				CLANG_CXX_LANGUAGE_STANDARD = "gnu++14";
				CLANG_CXX_LIBRARY = "libc++";
				CLANG_ENABLE_MODULES = YES;
				CLANG_ENABLE_OBJC_ARC = YES;
				CLANG_ENABLE_OBJC_WEAK = YES;
				CLANG_WARN_BLOCK_CAPTURE_AUTORELEASING = YES;
				CLANG_WARN_BOOL_CONVERSION = YES;
				CLANG_WARN_COMMA = YES;
				CLANG_WARN_CONSTANT_CONVERSION = YES;
				CLANG_WARN_DEPRECATED_OBJC_IMPLEMENTATIONS = YES;
				CLANG_WARN_DIRECT_OBJC_ISA_USAGE = YES_ERROR;
				CLANG_WARN_DOCUMENTATION_COMMENTS = YES;
				CLANG_WARN_EMPTY_BODY = YES;
				CLANG_WARN_ENUM_CONVERSION = YES;
				CLANG_WARN_INFINITE_RECURSION = YES;
				CLANG_WARN_INT_CONVERSION = YES;
				CLANG_WARN_NON_LITERAL_NULL_CONVERSION = YES;
				CLANG_WARN_OBJC_IMPLICIT_RETAIN_SELF = YES;
				CLANG_WARN_OBJC_LITERAL_CONVERSION = YES;
				CLANG_WARN_OBJC_ROOT_CLASS = YES_ERROR;
				CLANG_WARN_RANGE_LOOP_ANALYSIS = YES;
				CLANG_WARN_STRICT_PROTOTYPES = YES;
				CLANG_WARN_SUSPICIOUS_MOVE = YES;
				CLANG_WARN_UNGUARDED_AVAILABILITY = YES_AGGRESSIVE;
				CLANG_WARN_UNREACHABLE_CODE = YES;
				CLANG_WARN__DUPLICATE_METHOD_MATCH = YES;
				CODE_SIGN_IDENTITY = "iPhone Developer";
				COPY_PHASE_STRIP = NO;
				DEBUG_INFORMATION_FORMAT = dwarf;
				ENABLE_STRICT_OBJC_MSGSEND = YES;
				ENABLE_TESTABILITY = YES;
				GCC_C_LANGUAGE_STANDARD = gnu11;
				GCC_DYNAMIC_NO_PIC = NO;
				GCC_NO_COMMON_BLOCKS = YES;
				GCC_OPTIMIZATION_LEVEL = 0;
				GCC_PREPROCESSOR_DEFINITIONS = (
					"DEBUG=1",
					"$(inherited)",
				);
				GCC_WARN_64_TO_32_BIT_CONVERSION = YES;
				GCC_WARN_ABOUT_RETURN_TYPE = YES_ERROR;
				GCC_WARN_UNDECLARED_SELECTOR = YES;
				GCC_WARN_UNINITIALIZED_AUTOS = YES_AGGRESSIVE;
				GCC_WARN_UNUSED_FUNCTION = YES;
				GCC_WARN_UNUSED_VARIABLE = YES;
				IPHONEOS_DEPLOYMENT_TARGET = 12.2;
				MTL_ENABLE_DEBUG_INFO = INCLUDE_SOURCE;
				MTL_FAST_MATH = YES;
				ONLY_ACTIVE_ARCH = YES;
				SDKROOT = iphoneos;
				SWIFT_ACTIVE_COMPILATION_CONDITIONS = DEBUG;
				SWIFT_OPTIMIZATION_LEVEL = "-Onone";
			};
			name = Debug;
		};
		9162A30C230C0A1500ED6864 /* Release */ = {
			isa = XCBuildConfiguration;
			buildSettings = {
				ALWAYS_SEARCH_USER_PATHS = NO;
				CLANG_ANALYZER_NONNULL = YES;
				CLANG_ANALYZER_NUMBER_OBJECT_CONVERSION = YES_AGGRESSIVE;
				CLANG_CXX_LANGUAGE_STANDARD = "gnu++14";
				CLANG_CXX_LIBRARY = "libc++";
				CLANG_ENABLE_MODULES = YES;
				CLANG_ENABLE_OBJC_ARC = YES;
				CLANG_ENABLE_OBJC_WEAK = YES;
				CLANG_WARN_BLOCK_CAPTURE_AUTORELEASING = YES;
				CLANG_WARN_BOOL_CONVERSION = YES;
				CLANG_WARN_COMMA = YES;
				CLANG_WARN_CONSTANT_CONVERSION = YES;
				CLANG_WARN_DEPRECATED_OBJC_IMPLEMENTATIONS = YES;
				CLANG_WARN_DIRECT_OBJC_ISA_USAGE = YES_ERROR;
				CLANG_WARN_DOCUMENTATION_COMMENTS = YES;
				CLANG_WARN_EMPTY_BODY = YES;
				CLANG_WARN_ENUM_CONVERSION = YES;
				CLANG_WARN_INFINITE_RECURSION = YES;
				CLANG_WARN_INT_CONVERSION = YES;
				CLANG_WARN_NON_LITERAL_NULL_CONVERSION = YES;
				CLANG_WARN_OBJC_IMPLICIT_RETAIN_SELF = YES;
				CLANG_WARN_OBJC_LITERAL_CONVERSION = YES;
				CLANG_WARN_OBJC_ROOT_CLASS = YES_ERROR;
				CLANG_WARN_RANGE_LOOP_ANALYSIS = YES;
				CLANG_WARN_STRICT_PROTOTYPES = YES;
				CLANG_WARN_SUSPICIOUS_MOVE = YES;
				CLANG_WARN_UNGUARDED_AVAILABILITY = YES_AGGRESSIVE;
				CLANG_WARN_UNREACHABLE_CODE = YES;
				CLANG_WARN__DUPLICATE_METHOD_MATCH = YES;
				CODE_SIGN_IDENTITY = "iPhone Developer";
				COPY_PHASE_STRIP = NO;
				DEBUG_INFORMATION_FORMAT = "dwarf-with-dsym";
				ENABLE_NS_ASSERTIONS = NO;
				ENABLE_STRICT_OBJC_MSGSEND = YES;
				GCC_C_LANGUAGE_STANDARD = gnu11;
				GCC_NO_COMMON_BLOCKS = YES;
				GCC_WARN_64_TO_32_BIT_CONVERSION = YES;
				GCC_WARN_ABOUT_RETURN_TYPE = YES_ERROR;
				GCC_WARN_UNDECLARED_SELECTOR = YES;
				GCC_WARN_UNINITIALIZED_AUTOS = YES_AGGRESSIVE;
				GCC_WARN_UNUSED_FUNCTION = YES;
				GCC_WARN_UNUSED_VARIABLE = YES;
				IPHONEOS_DEPLOYMENT_TARGET = 12.2;
				MTL_ENABLE_DEBUG_INFO = NO;
				MTL_FAST_MATH = YES;
				SDKROOT = iphoneos;
				SWIFT_COMPILATION_MODE = wholemodule;
				SWIFT_OPTIMIZATION_LEVEL = "-O";
				VALIDATE_PRODUCT = YES;
			};
			name = Release;
		};
		9162A30E230C0A1500ED6864 /* Debug */ = {
			isa = XCBuildConfiguration;
			buildSettings = {
				ASSETCATALOG_COMPILER_APPICON_NAME = AppIcon;
				CODE_SIGN_STYLE = Automatic;
				DEVELOPMENT_TEAM = 37WBFPMRW3;
				INFOPLIST_FILE = VTHandlerSwift/Info.plist;
				IPHONEOS_DEPLOYMENT_TARGET = 10.0;
				LD_RUNPATH_SEARCH_PATHS = (
					"$(inherited)",
					"@executable_path/Frameworks",
				);
				PRODUCT_BUNDLE_IDENTIFIER = com.lecco.VTHandlerSwift;
				PRODUCT_NAME = "$(TARGET_NAME)";
				SWIFT_VERSION = 5.0;
				TARGETED_DEVICE_FAMILY = "1,2";
			};
			name = Debug;
		};
		9162A30F230C0A1500ED6864 /* Release */ = {
			isa = XCBuildConfiguration;
			buildSettings = {
				ASSETCATALOG_COMPILER_APPICON_NAME = AppIcon;
				CODE_SIGN_STYLE = Automatic;
				DEVELOPMENT_TEAM = 37WBFPMRW3;
				INFOPLIST_FILE = VTHandlerSwift/Info.plist;
				IPHONEOS_DEPLOYMENT_TARGET = 10.0;
				LD_RUNPATH_SEARCH_PATHS = (
					"$(inherited)",
					"@executable_path/Frameworks",
				);
				PRODUCT_BUNDLE_IDENTIFIER = com.lecco.VTHandlerSwift;
				PRODUCT_NAME = "$(TARGET_NAME)";
				SWIFT_VERSION = 5.0;
				TARGETED_DEVICE_FAMILY = "1,2";
			};
			name = Release;
		};
/* End XCBuildConfiguration section */

/* Begin XCConfigurationList section */
		9162A2F6230C0A1400ED6864 /* Build configuration list for PBXProject "VTHandlerSwift" */ = {
			isa = XCConfigurationList;
			buildConfigurations = (
				9162A30B230C0A1500ED6864 /* Debug */,
				9162A30C230C0A1500ED6864 /* Release */,
			);
			defaultConfigurationIsVisible = 0;
			defaultConfigurationName = Release;
		};
		9162A30D230C0A1500ED6864 /* Build configuration list for PBXNativeTarget "VTHandlerSwift" */ = {
			isa = XCConfigurationList;
			buildConfigurations = (
				9162A30E230C0A1500ED6864 /* Debug */,
				9162A30F230C0A1500ED6864 /* Release */,
			);
			defaultConfigurationIsVisible = 0;
			defaultConfigurationName = Release;
		};
/* End XCConfigurationList section */
	};
	rootObject = 9162A2F3230C0A1400ED6864 /* Project object */;
}
